
Microsoft Visual Studio Solution File, Format Version 12.00
# Visual Studio 15
Project("{FAE04EC0-301F-11D3-BF4B-00C04F79EFBC}") = "Assembly-CSharp", "Assembly-CSharp.csproj", "{42B789F6-9880-3937-DA0B-448763755D85}"
EndProject
Project("{FAE04EC0-301F-11D3-BF4B-00C04F79EFBC}") = "Assembly-CSharp-firstpass", "Assembly-CSharp-firstpass.csproj", "{713F8C69-8F60-F125-C92D-9085C7F3C830}"
EndProject
Project("{FAE04EC0-301F-11D3-BF4B-00C04F79EFBC}") = "Assembly-CSharp-Editor", "Assembly-CSharp-Editor.csproj", "{3722D269-9479-4FF3-90B0-235C1ADCF8A1}"
EndProject
Global
	GlobalSection(SolutionConfigurationPlatforms) = preSolution
		Debug|Any CPU = Debug|Any CPU
		Release|Any CPU = Release|Any CPU
	EndGlobalSection
	GlobalSection(ProjectConfigurationPlatforms) = postSolution
		{42B789F6-9880-3937-DA0B-448763755D85}.Debug|Any CPU.ActiveCfg = Debug|Any CPU
		{42B789F6-9880-3937-DA0B-448763755D85}.Debug|Any CPU.Build.0 = Debug|Any CPU
		{42B789F6-9880-3937-DA0B-448763755D85}.Release|Any CPU.ActiveCfg = Release|Any CPU
		{42B789F6-9880-3937-DA0B-448763755D85}.Release|Any CPU.Build.0 = Release|Any CPU
		{713F8C69-8F60-F125-C92D-9085C7F3C830}.Debug|Any CPU.ActiveCfg = Debug|Any CPU
		{713F8C69-8F60-F125-C92D-9085C7F3C830}.Debug|Any CPU.Build.0 = Debug|Any CPU
		{713F8C69-8F60-F125-C92D-9085C7F3C830}.Release|Any CPU.ActiveCfg = Release|Any CPU
		{713F8C69-8F60-F125-C92D-9085C7F3C830}.Release|Any CPU.Build.0 = Release|Any CPU
		{3722D269-9479-4FF3-90B0-235C1ADCF8A1}.Debug|Any CPU.ActiveCfg = Debug|Any CPU
		{3722D269-9479-4FF3-90B0-235C1ADCF8A1}.Debug|Any CPU.Build.0 = Debug|Any CPU
		{3722D269-9479-4FF3-90B0-235C1ADCF8A1}.Release|Any CPU.ActiveCfg = Release|Any CPU
		{3722D269-9479-4FF3-90B0-235C1ADCF8A1}.Release|Any CPU.Build.0 = Release|Any CPU
	EndGlobalSection
	GlobalSection(SolutionProperties) = preSolution
		HideSolutionNode = FALSE
	EndGlobalSection
EndGlobal
